github.com/jarcoal/httpmock v1.4.0 h1:BvhqnH0JAYbNudL2GMJKgOHe2CtKlzJ/5rWKyp+hc2k=
github.com/jarcoal/httpmock v1.4.0/go.mod h1:ftW1xULwo+j0R0JJkJIIi7UKigZUXCLLanykgjwBXL0=
github.com/therewardstore/httpmatter v0.1.3 h1:RtF0PqQ8HOrsOq9GzdaJ+3A9dzTozrBQ9+CZ2C25+xM=
github.com/therewardstore/httpmatter v0.1.3/go.mod h1:SxlVPOgPvMONiUblDHeYvNlsHxFKMglCWNSoRwTfSAg=
